
Microsoft Visual Studio Solution File, Format Version 12.00
# Visual Studio Version 16
VisualStudioVersion = 16.0.32228.343
MinimumVisualStudioVersion = 10.0.40219.1
Project("{9092AA53-FB77-4645-B42D-1CCCA6BD08BD}") = "NodejsConsoleApp1", "NodejsConsoleApp1\NodejsConsoleApp1.njsproj", "{B1A58991-152A-4297-A396-FCA0C6F53511}"
EndProject
Global
	GlobalSection(SolutionConfigurationPlatforms) = preSolution
		Debug|Any CPU = Debug|Any CPU
		Release|Any CPU = Release|Any CPU
	EndGlobalSection
	GlobalSection(ProjectConfigurationPlatforms) = postSolution
		{B1A58991-152A-4297-A396-FCA0C6F53511}.Debug|Any CPU.ActiveCfg = Debug|Any CPU
		{B1A58991-152A-4297-A396-FCA0C6F53511}.Debug|Any CPU.Build.0 = Debug|Any CPU
		{B1A58991-152A-4297-A396-FCA0C6F53511}.Release|Any CPU.ActiveCfg = Release|Any CPU
		{B1A58991-152A-4297-A396-FCA0C6F53511}.Release|Any CPU.Build.0 = Release|Any CPU
	EndGlobalSection
	GlobalSection(SolutionProperties) = preSolution
		HideSolutionNode = FALSE
	EndGlobalSection
	GlobalSection(ExtensibilityGlobals) = postSolution
		SolutionGuid = {7A0337AD-5932-4FED-BDA5-5E2660C22019}
	EndGlobalSection
EndGlobal
